
Microsoft Visual Studio Solution File, Format Version 12.00
# Visual Studio 15
VisualStudioVersion = 15.0.27906.1
MinimumVisualStudioVersion = 10.0.40219.1
Project("{FAE04EC0-301F-11D3-BF4B-00C04F79EFBC}") = "MyWindowsService", "MyWindowsService\MyWindowsService.csproj", "{5B708CC4-38A9-4B49-94E9-03009D112C66}"
EndProject
Project("{FAE04EC0-301F-11D3-BF4B-00C04F79EFBC}") = "MyWindowsServiceHost", "MyWindowsServiceHost\MyWindowsServiceHost.csproj", "{F55169C2-3208-4EB0-B8C2-EEC47748EA53}"
EndProject
Project("{FAE04EC0-301F-11D3-BF4B-00C04F79EFBC}") = "CycleEngine", "CycleEngine\CycleEngine.csproj", "{CBEA17C5-B80B-4341-B554-BD17896DD954}"
EndProject
Project("{2150E333-8FDC-42A3-9474-1A3956D46DE8}") = "Solution Items", "Solution Items", "{427A299D-E6C0-4B4B-91AB-4BFADE2F96BF}"
	ProjectSection(SolutionItems) = preProject
		说明.txt = 说明.txt
	EndProjectSection
EndProject
Project("{FAE04EC0-301F-11D3-BF4B-00C04F79EFBC}") = "MyWindowsForms", "MyWindowsForms\MyWindowsForms.csproj", "{2A85B37C-5B27-44CC-84D8-F44C0AB27DED}"
EndProject
Global
	GlobalSection(SolutionConfigurationPlatforms) = preSolution
		Debug|Any CPU = Debug|Any CPU
		Release|Any CPU = Release|Any CPU
	EndGlobalSection
	GlobalSection(ProjectConfigurationPlatforms) = postSolution
		{5B708CC4-38A9-4B49-94E9-03009D112C66}.Debug|Any CPU.ActiveCfg = Debug|Any CPU
		{5B708CC4-38A9-4B49-94E9-03009D112C66}.Debug|Any CPU.Build.0 = Debug|Any CPU
		{5B708CC4-38A9-4B49-94E9-03009D112C66}.Release|Any CPU.ActiveCfg = Release|Any CPU
		{5B708CC4-38A9-4B49-94E9-03009D112C66}.Release|Any CPU.Build.0 = Release|Any CPU
		{F55169C2-3208-4EB0-B8C2-EEC47748EA53}.Debug|Any CPU.ActiveCfg = Debug|Any CPU
		{F55169C2-3208-4EB0-B8C2-EEC47748EA53}.Debug|Any CPU.Build.0 = Debug|Any CPU
		{F55169C2-3208-4EB0-B8C2-EEC47748EA53}.Release|Any CPU.ActiveCfg = Release|Any CPU
		{F55169C2-3208-4EB0-B8C2-EEC47748EA53}.Release|Any CPU.Build.0 = Release|Any CPU
		{CBEA17C5-B80B-4341-B554-BD17896DD954}.Debug|Any CPU.ActiveCfg = Debug|Any CPU
		{CBEA17C5-B80B-4341-B554-BD17896DD954}.Debug|Any CPU.Build.0 = Debug|Any CPU
		{CBEA17C5-B80B-4341-B554-BD17896DD954}.Release|Any CPU.ActiveCfg = Release|Any CPU
		{CBEA17C5-B80B-4341-B554-BD17896DD954}.Release|Any CPU.Build.0 = Release|Any CPU
		{2A85B37C-5B27-44CC-84D8-F44C0AB27DED}.Debug|Any CPU.ActiveCfg = Debug|Any CPU
		{2A85B37C-5B27-44CC-84D8-F44C0AB27DED}.Debug|Any CPU.Build.0 = Debug|Any CPU
		{2A85B37C-5B27-44CC-84D8-F44C0AB27DED}.Release|Any CPU.ActiveCfg = Release|Any CPU
		{2A85B37C-5B27-44CC-84D8-F44C0AB27DED}.Release|Any CPU.Build.0 = Release|Any CPU
	EndGlobalSection
	GlobalSection(SolutionProperties) = preSolution
		HideSolutionNode = FALSE
	EndGlobalSection
	GlobalSection(ExtensibilityGlobals) = postSolution
		SolutionGuid = {69FFB5FF-BBE4-40C0-9B56-66DA414BC03A}
	EndGlobalSection
EndGlobal
